# THIS IS AN AUTOGENERATED FILE. DO NOT EDIT THIS FILE DIRECTLY.
# yarn lockfile v1


intl-tel-input@^24.7.0:
  version "24.7.0"
  resolved "https://registry.yarnpkg.com/intl-tel-input/-/intl-tel-input-24.7.0.tgz#8975df176659f8a3a16b97759add1ca24486e480"
  integrity sha512-OjkhKen4SJUI2kN9OHpb8ReNN619sB9gECPq51dn3zKEWvif3mnSjmrtWhm8ABIb7Ijs+AAYSS5sI33Sb4YqvQ==

jgrowl@^1.4:
  version "1.5.0"
  resolved "https://registry.yarnpkg.com/jgrowl/-/jgrowl-1.5.0.tgz#e8cfb207657876551b998cc576e02439982ac223"
  integrity sha512-I3nnY0gFyft8GehX8a/nJv6bj/Jls61KnR3XLsL8BuES5cxUaYnv21ekGcQPWFGpMsdxDhDRgbsOwFnovdSXrg==
